
Microsoft Visual Studio Solution File, Format Version 12.00
# Visual Studio Version 16
VisualStudioVersion = 16.0.29306.81
MinimumVisualStudioVersion = 10.0.40219.1
Project("{FAE04EC0-301F-11D3-BF4B-00C04F79EFBC}") = "db8abase", "db8abase\db8abase.csproj", "{955A3665-6622-44F6-8508-9ED5C398F8E0}"
EndProject
Global
	GlobalSection(SolutionConfigurationPlatforms) = preSolution
		Debug|Any CPU = Debug|Any CPU
		Release|Any CPU = Release|Any CPU
	EndGlobalSection
	GlobalSection(ProjectConfigurationPlatforms) = postSolution
		{955A3665-6622-44F6-8508-9ED5C398F8E0}.Debug|Any CPU.ActiveCfg = Debug|Any CPU
		{955A3665-6622-44F6-8508-9ED5C398F8E0}.Debug|Any CPU.Build.0 = Debug|Any CPU
		{955A3665-6622-44F6-8508-9ED5C398F8E0}.Release|Any CPU.ActiveCfg = Release|Any CPU
		{955A3665-6622-44F6-8508-9ED5C398F8E0}.Release|Any CPU.Build.0 = Release|Any CPU
	EndGlobalSection
	GlobalSection(SolutionProperties) = preSolution
		HideSolutionNode = FALSE
	EndGlobalSection
	GlobalSection(ExtensibilityGlobals) = postSolution
		SolutionGuid = {5332071C-B2CD-4214-A74E-97C270972EFB}
	EndGlobalSection
EndGlobal
